// !$*UTF8*$!
{
	archiveVersion = 1;
	classes = {
	};
	objectVersion = 56;
	objects = {

/* Begin PBXBuildFile section */
		DA281F6F2AD30FA200F57272 /* PreviewAndTest.swift in Sources */ = {isa = PBXBuildFile; fileRef = DA281F6E2AD30FA200F57272 /* PreviewAndTest.swift */; };
		DA281F712AD30FA200F57272 /* ContentView.swift in Sources */ = {isa = PBXBuildFile; fileRef = DA281F702AD30FA200F57272 /* ContentView.swift */; };
		DA281F732AD30FA400F57272 /* Assets.xcassets in Resources */ = {isa = PBXBuildFile; fileRef = DA281F722AD30FA400F57272 /* Assets.xcassets */; };
		DA281F762AD30FA400F57272 /* Preview Assets.xcassets in Resources */ = {isa = PBXBuildFile; fileRef = DA281F752AD30FA400F57272 /* Preview Assets.xcassets */; };
		DA281F782AD30FA400F57272 /* Persistence.swift in Sources */ = {isa = PBXBuildFile; fileRef = DA281F772AD30FA400F57272 /* Persistence.swift */; };
		DA281F7B2AD30FA400F57272 /* CoreData.xcdatamodeld in Sources */ = {isa = PBXBuildFile; fileRef = DA281F792AD30FA400F57272 /* CoreData.xcdatamodeld */; };
		DA281F8F2AD30FA400F57272 /* Preview_and_TestUITests.swift in Sources */ = {isa = PBXBuildFile; fileRef = DA281F8E2AD30FA400F57272 /* Preview_and_TestUITests.swift */; };
		DA281F912AD30FA400F57272 /* Preview_and_TestUITestsLaunchTests.swift in Sources */ = {isa = PBXBuildFile; fileRef = DA281F902AD30FA400F57272 /* Preview_and_TestUITestsLaunchTests.swift */; };
		DA281F9F2AD318CF00F57272 /* TaskItem.swift in Sources */ = {isa = PBXBuildFile; fileRef = DA281F9E2AD318CF00F57272 /* TaskItem.swift */; };
		DA281FA12AD31CF000F57272 /* tasks.json in Resources */ = {isa = PBXBuildFile; fileRef = DA281FA02AD31CF000F57272 /* tasks.json */; };
		DA281FA32AD31D8400F57272 /* TaskItemDTO.swift in Sources */ = {isa = PBXBuildFile; fileRef = DA281FA22AD31D8400F57272 /* TaskItemDTO.swift */; };
		DA281FA62AD3207F00F57272 /* Codable utilities.swift in Sources */ = {isa = PBXBuildFile; fileRef = DA281FA52AD3207F00F57272 /* Codable utilities.swift */; };
		DA281FA82AD3277300F57272 /* Optional.swift in Sources */ = {isa = PBXBuildFile; fileRef = DA281FA72AD3277300F57272 /* Optional.swift */; };
		DA281FAA2AD32DE300F57272 /* TaskItemCell.swift in Sources */ = {isa = PBXBuildFile; fileRef = DA281FA92AD32DE300F57272 /* TaskItemCell.swift */; };
		DA281FAC2AD32DEF00F57272 /* TaskItemView.swift in Sources */ = {isa = PBXBuildFile; fileRef = DA281FAB2AD32DEF00F57272 /* TaskItemView.swift */; };
		DA281FB02AD3C92500F57272 /* DeviceController.swift in Sources */ = {isa = PBXBuildFile; fileRef = DA281FAF2AD3C92500F57272 /* DeviceController.swift */; };
		DA281FB22AD3C9EF00F57272 /* SensorDeviceProtocol.swift in Sources */ = {isa = PBXBuildFile; fileRef = DA281FB12AD3C9EF00F57272 /* SensorDeviceProtocol.swift */; };
		DA281FB42AD3EC7400F57272 /* CoreBluetooth.swift in Sources */ = {isa = PBXBuildFile; fileRef = DA281FB32AD3EC7400F57272 /* CoreBluetooth.swift */; };
		DA281FB62AD3F29A00F57272 /* CC2650SensorTag.swift in Sources */ = {isa = PBXBuildFile; fileRef = DA281FB52AD3F29A00F57272 /* CC2650SensorTag.swift */; };
		DA34CF322AD56867004E6F79 /* APIProtocol.swift in Sources */ = {isa = PBXBuildFile; fileRef = DA34CF312AD56867004E6F79 /* APIProtocol.swift */; };
		DA34CF342AD56F46004E6F79 /* Network.swift in Sources */ = {isa = PBXBuildFile; fileRef = DA34CF332AD56F46004E6F79 /* Network.swift */; };
		DA34CF362AD56F85004E6F79 /* UserProfile.swift in Sources */ = {isa = PBXBuildFile; fileRef = DA34CF352AD56F85004E6F79 /* UserProfile.swift */; };
		DA34CF382AD56F8B004E6F79 /* ServerInfo.swift in Sources */ = {isa = PBXBuildFile; fileRef = DA34CF372AD56F8B004E6F79 /* ServerInfo.swift */; };
		DA34CF3A2AD57740004E6F79 /* Client.swift in Sources */ = {isa = PBXBuildFile; fileRef = DA34CF392AD57740004E6F79 /* Client.swift */; };
		DA34CF3C2AD57748004E6F79 /* ClientPreview.swift in Sources */ = {isa = PBXBuildFile; fileRef = DA34CF3B2AD57748004E6F79 /* ClientPreview.swift */; };
		DA34CF3E2AD57874004E6F79 /* ClientFailing.swift in Sources */ = {isa = PBXBuildFile; fileRef = DA34CF3D2AD57874004E6F79 /* ClientFailing.swift */; };
		DA34CF402AD5799E004E6F79 /* CloudCoordinator.swift in Sources */ = {isa = PBXBuildFile; fileRef = DA34CF3F2AD5799E004E6F79 /* CloudCoordinator.swift */; };
		DA34CF432AD586FA004E6F79 /* KeyChain PropertyWrapper.swift in Sources */ = {isa = PBXBuildFile; fileRef = DA34CF422AD586FA004E6F79 /* KeyChain PropertyWrapper.swift */; };
		DA34CF452AD5A2A3004E6F79 /* CLoudCoordinatorTests.swift in Sources */ = {isa = PBXBuildFile; fileRef = DA34CF442AD5A2A3004E6F79 /* CLoudCoordinatorTests.swift */; };
		DA34CF472AD5A803004E6F79 /* MainFunctionTest.swift in Sources */ = {isa = PBXBuildFile; fileRef = DA34CF462AD5A803004E6F79 /* MainFunctionTest.swift */; };
		DAA5BA792AD435520024AF24 /* Data extensions.swift in Sources */ = {isa = PBXBuildFile; fileRef = DAA5BA782AD435520024AF24 /* Data extensions.swift */; };
		DAA5BA7B2AD450980024AF24 /* SensorTagPreview.swift in Sources */ = {isa = PBXBuildFile; fileRef = DAA5BA7A2AD450980024AF24 /* SensorTagPreview.swift */; };
		DAA5BA7D2AD4538B0024AF24 /* SensorTagView.swift in Sources */ = {isa = PBXBuildFile; fileRef = DAA5BA7C2AD4538B0024AF24 /* SensorTagView.swift */; };
		DAD79AE02B49A38F00E7D443 /* SensorOptions.swift in Sources */ = {isa = PBXBuildFile; fileRef = DAD79ADF2B49A38F00E7D443 /* SensorOptions.swift */; };
		DAD79AE22B49A3BF00E7D443 /* GestureSensor.swift in Sources */ = {isa = PBXBuildFile; fileRef = DAD79AE12B49A3BF00E7D443 /* GestureSensor.swift */; };
		DAD79AE42B49A3E700E7D443 /* BatteryStatus.swift in Sources */ = {isa = PBXBuildFile; fileRef = DAD79AE32B49A3E700E7D443 /* BatteryStatus.swift */; };
		DAD79AE62B49A41A00E7D443 /* DeviceButtons.swift in Sources */ = {isa = PBXBuildFile; fileRef = DAD79AE52B49A41A00E7D443 /* DeviceButtons.swift */; };
		DAD79AE92B49CC7C00E7D443 /* ARViewDemo.swift in Sources */ = {isa = PBXBuildFile; fileRef = DAD79AE82B49CC7C00E7D443 /* ARViewDemo.swift */; };
/* End PBXBuildFile section */

/* Begin PBXContainerItemProxy section */
		DA281F812AD30FA400F57272 /* PBXContainerItemProxy */ = {
			isa = PBXContainerItemProxy;
			containerPortal = DA281F632AD30FA200F57272 /* Project object */;
			proxyType = 1;
			remoteGlobalIDString = DA281F6A2AD30FA200F57272;
			remoteInfo = "Preview and Test";
		};
		DA281F8B2AD30FA400F57272 /* PBXContainerItemProxy */ = {
			isa = PBXContainerItemProxy;
			containerPortal = DA281F632AD30FA200F57272 /* Project object */;
			proxyType = 1;
			remoteGlobalIDString = DA281F6A2AD30FA200F57272;
			remoteInfo = "Preview and Test";
		};
/* End PBXContainerItemProxy section */

/* Begin PBXFileReference section */
		DA281F6B2AD30FA200F57272 /* Preview and Test.app */ = {isa = PBXFileReference; explicitFileType = wrapper.application; includeInIndex = 0; path = "Preview and Test.app"; sourceTree = BUILT_PRODUCTS_DIR; };
		DA281F6E2AD30FA200F57272 /* PreviewAndTest.swift */ = {isa = PBXFileReference; lastKnownFileType = sourcecode.swift; path = PreviewAndTest.swift; sourceTree = "<group>"; };
		DA281F702AD30FA200F57272 /* ContentView.swift */ = {isa = PBXFileReference; lastKnownFileType = sourcecode.swift; path = ContentView.swift; sourceTree = "<group>"; };
		DA281F722AD30FA400F57272 /* Assets.xcassets */ = {isa = PBXFileReference; lastKnownFileType = folder.assetcatalog; path = Assets.xcassets; sourceTree = "<group>"; };
		DA281F752AD30FA400F57272 /* Preview Assets.xcassets */ = {isa = PBXFileReference; lastKnownFileType = folder.assetcatalog; path = "Preview Assets.xcassets"; sourceTree = "<group>"; };
		DA281F772AD30FA400F57272 /* Persistence.swift */ = {isa = PBXFileReference; lastKnownFileType = sourcecode.swift; path = Persistence.swift; sourceTree = "<group>"; };
		DA281F7A2AD30FA400F57272 /* Preview_and_Test.xcdatamodel */ = {isa = PBXFileReference; lastKnownFileType = wrapper.xcdatamodel; path = Preview_and_Test.xcdatamodel; sourceTree = "<group>"; };
		DA281F802AD30FA400F57272 /* Preview and TestTests.xctest */ = {isa = PBXFileReference; explicitFileType = wrapper.cfbundle; includeInIndex = 0; path = "Preview and TestTests.xctest"; sourceTree = BUILT_PRODUCTS_DIR; };
		DA281F8A2AD30FA400F57272 /* Preview and TestUITests.xctest */ = {isa = PBXFileReference; explicitFileType = wrapper.cfbundle; includeInIndex = 0; path = "Preview and TestUITests.xctest"; sourceTree = BUILT_PRODUCTS_DIR; };
		DA281F8E2AD30FA400F57272 /* Preview_and_TestUITests.swift */ = {isa = PBXFileReference; lastKnownFileType = sourcecode.swift; path = Preview_and_TestUITests.swift; sourceTree = "<group>"; };
		DA281F902AD30FA400F57272 /* Preview_and_TestUITestsLaunchTests.swift */ = {isa = PBXFileReference; lastKnownFileType = sourcecode.swift; path = Preview_and_TestUITestsLaunchTests.swift; sourceTree = "<group>"; };
		DA281F9E2AD318CF00F57272 /* TaskItem.swift */ = {isa = PBXFileReference; lastKnownFileType = sourcecode.swift; path = TaskItem.swift; sourceTree = "<group>"; };
		DA281FA02AD31CF000F57272 /* tasks.json */ = {isa = PBXFileReference; lastKnownFileType = text.json; path = tasks.json; sourceTree = "<group>"; };
		DA281FA22AD31D8400F57272 /* TaskItemDTO.swift */ = {isa = PBXFileReference; lastKnownFileType = sourcecode.swift; path = TaskItemDTO.swift; sourceTree = "<group>"; };
		DA281FA52AD3207F00F57272 /* Codable utilities.swift */ = {isa = PBXFileReference; lastKnownFileType = sourcecode.swift; path = "Codable utilities.swift"; sourceTree = "<group>"; };
		DA281FA72AD3277300F57272 /* Optional.swift */ = {isa = PBXFileReference; lastKnownFileType = sourcecode.swift; path = Optional.swift; sourceTree = "<group>"; };
		DA281FA92AD32DE300F57272 /* TaskItemCell.swift */ = {isa = PBXFileReference; lastKnownFileType = sourcecode.swift; path = TaskItemCell.swift; sourceTree = "<group>"; };
		DA281FAB2AD32DEF00F57272 /* TaskItemView.swift */ = {isa = PBXFileReference; lastKnownFileType = sourcecode.swift; path = TaskItemView.swift; sourceTree = "<group>"; };
		DA281FAF2AD3C92500F57272 /* DeviceController.swift */ = {isa = PBXFileReference; lastKnownFileType = sourcecode.swift; path = DeviceController.swift; sourceTree = "<group>"; };
		DA281FB12AD3C9EF00F57272 /* SensorDeviceProtocol.swift */ = {isa = PBXFileReference; lastKnownFileType = sourcecode.swift; path = SensorDeviceProtocol.swift; sourceTree = "<group>"; };
		DA281FB32AD3EC7400F57272 /* CoreBluetooth.swift */ = {isa = PBXFileReference; lastKnownFileType = sourcecode.swift; path = CoreBluetooth.swift; sourceTree = "<group>"; };
		DA281FB52AD3F29A00F57272 /* CC2650SensorTag.swift */ = {isa = PBXFileReference; lastKnownFileType = sourcecode.swift; path = CC2650SensorTag.swift; sourceTree = "<group>"; };
		DA281FB72AD3F75700F57272 /* Preview-and-Test-Info.plist */ = {isa = PBXFileReference; lastKnownFileType = text.plist; path = "Preview-and-Test-Info.plist"; sourceTree = SOURCE_ROOT; };
		DA34CF312AD56867004E6F79 /* APIProtocol.swift */ = {isa = PBXFileReference; lastKnownFileType = sourcecode.swift; path = APIProtocol.swift; sourceTree = "<group>"; };
		DA34CF332AD56F46004E6F79 /* Network.swift */ = {isa = PBXFileReference; lastKnownFileType = sourcecode.swift; path = Network.swift; sourceTree = "<group>"; };
		DA34CF352AD56F85004E6F79 /* UserProfile.swift */ = {isa = PBXFileReference; lastKnownFileType = sourcecode.swift; path = UserProfile.swift; sourceTree = "<group>"; };
		DA34CF372AD56F8B004E6F79 /* ServerInfo.swift */ = {isa = PBXFileReference; lastKnownFileType = sourcecode.swift; path = ServerInfo.swift; sourceTree = "<group>"; };
		DA34CF392AD57740004E6F79 /* Client.swift */ = {isa = PBXFileReference; lastKnownFileType = sourcecode.swift; path = Client.swift; sourceTree = "<group>"; };
		DA34CF3B2AD57748004E6F79 /* ClientPreview.swift */ = {isa = PBXFileReference; lastKnownFileType = sourcecode.swift; path = ClientPreview.swift; sourceTree = "<group>"; };
		DA34CF3D2AD57874004E6F79 /* ClientFailing.swift */ = {isa = PBXFileReference; lastKnownFileType = sourcecode.swift; path = ClientFailing.swift; sourceTree = "<group>"; };
		DA34CF3F2AD5799E004E6F79 /* CloudCoordinator.swift */ = {isa = PBXFileReference; lastKnownFileType = sourcecode.swift; path = CloudCoordinator.swift; sourceTree = "<group>"; };
		DA34CF412AD584E1004E6F79 /* Preview and Test.entitlements */ = {isa = PBXFileReference; lastKnownFileType = text.plist.entitlements; path = "Preview and Test.entitlements"; sourceTree = "<group>"; };
		DA34CF422AD586FA004E6F79 /* KeyChain PropertyWrapper.swift */ = {isa = PBXFileReference; lastKnownFileType = sourcecode.swift; path = "KeyChain PropertyWrapper.swift"; sourceTree = "<group>"; };
		DA34CF442AD5A2A3004E6F79 /* CLoudCoordinatorTests.swift */ = {isa = PBXFileReference; lastKnownFileType = sourcecode.swift; path = CLoudCoordinatorTests.swift; sourceTree = "<group>"; };
		DA34CF462AD5A803004E6F79 /* MainFunctionTest.swift */ = {isa = PBXFileReference; lastKnownFileType = sourcecode.swift; path = MainFunctionTest.swift; sourceTree = "<group>"; };
		DA5B144D2B20C1AA00594E83 /* CoreData.sqlite-wal */ = {isa = PBXFileReference; lastKnownFileType = file; path = "CoreData.sqlite-wal"; sourceTree = "<group>"; };
		DA5B144E2B20C1AA00594E83 /* CoreData.sqlite-shm */ = {isa = PBXFileReference; lastKnownFileType = file; path = "CoreData.sqlite-shm"; sourceTree = "<group>"; };
		DA5B144F2B20C1AA00594E83 /* CoreData.sqlite */ = {isa = PBXFileReference; lastKnownFileType = file; path = CoreData.sqlite; sourceTree = "<group>"; };
		DAA5BA782AD435520024AF24 /* Data extensions.swift */ = {isa = PBXFileReference; lastKnownFileType = sourcecode.swift; path = "Data extensions.swift"; sourceTree = "<group>"; };
		DAA5BA7A2AD450980024AF24 /* SensorTagPreview.swift */ = {isa = PBXFileReference; lastKnownFileType = sourcecode.swift; path = SensorTagPreview.swift; sourceTree = "<group>"; };
		DAA5BA7C2AD4538B0024AF24 /* SensorTagView.swift */ = {isa = PBXFileReference; lastKnownFileType = sourcecode.swift; path = SensorTagView.swift; sourceTree = "<group>"; };
		DAD79ADF2B49A38F00E7D443 /* SensorOptions.swift */ = {isa = PBXFileReference; lastKnownFileType = sourcecode.swift; path = SensorOptions.swift; sourceTree = "<group>"; };
		DAD79AE12B49A3BF00E7D443 /* GestureSensor.swift */ = {isa = PBXFileReference; lastKnownFileType = sourcecode.swift; path = GestureSensor.swift; sourceTree = "<group>"; };
		DAD79AE32B49A3E700E7D443 /* BatteryStatus.swift */ = {isa = PBXFileReference; lastKnownFileType = sourcecode.swift; path = BatteryStatus.swift; sourceTree = "<group>"; };
		DAD79AE52B49A41A00E7D443 /* DeviceButtons.swift */ = {isa = PBXFileReference; lastKnownFileType = sourcecode.swift; path = DeviceButtons.swift; sourceTree = "<group>"; };
		DAD79AE82B49CC7C00E7D443 /* ARViewDemo.swift */ = {isa = PBXFileReference; lastKnownFileType = sourcecode.swift; path = ARViewDemo.swift; sourceTree = "<group>"; };
/* End PBXFileReference section */

/* Begin PBXFrameworksBuildPhase section */
		DA281F682AD30FA200F57272 /* Frameworks */ = {
			isa = PBXFrameworksBuildPhase;
			buildActionMask = 2147483647;
			files = (
			);
			runOnlyForDeploymentPostprocessing = 0;
		};
		DA281F7D2AD30FA400F57272 /* Frameworks */ = {
			isa = PBXFrameworksBuildPhase;
			buildActionMask = 2147483647;
			files = (
			);
			runOnlyForDeploymentPostprocessing = 0;
		};
		DA281F872AD30FA400F57272 /* Frameworks */ = {
			isa = PBXFrameworksBuildPhase;
			buildActionMask = 2147483647;
			files = (
			);
			runOnlyForDeploymentPostprocessing = 0;
		};
/* End PBXFrameworksBuildPhase section */

/* Begin PBXGroup section */
		DA281F622AD30FA200F57272 = {
			isa = PBXGroup;
			children = (
				DA281F6D2AD30FA200F57272 /* Preview and Test */,
				DA281F832AD30FA400F57272 /* Preview and TestTests */,
				DA281F8D2AD30FA400F57272 /* Preview and TestUITests */,
				DA281F6C2AD30FA200F57272 /* Products */,
			);
			sourceTree = "<group>";
		};
		DA281F6C2AD30FA200F57272 /* Products */ = {
			isa = PBXGroup;
			children = (
				DA281F6B2AD30FA200F57272 /* Preview and Test.app */,
				DA281F802AD30FA400F57272 /* Preview and TestTests.xctest */,
				DA281F8A2AD30FA400F57272 /* Preview and TestUITests.xctest */,
			);
			name = Products;
			sourceTree = "<group>";
		};
		DA281F6D2AD30FA200F57272 /* Preview and Test */ = {
			isa = PBXGroup;
			children = (
				DA34CF412AD584E1004E6F79 /* Preview and Test.entitlements */,
				DA281FB72AD3F75700F57272 /* Preview-and-Test-Info.plist */,
				DA281F9D2AD318C400F57272 /* Model */,
				DA281FAE2AD3C87C00F57272 /* Web API */,
				DA281FAD2AD3C85100F57272 /* SensorDevice */,
				DA281F6E2AD30FA200F57272 /* PreviewAndTest.swift */,
				DA281F702AD30FA200F57272 /* ContentView.swift */,
				DA281FA92AD32DE300F57272 /* TaskItemCell.swift */,
				DA281FAB2AD32DEF00F57272 /* TaskItemView.swift */,
				DAA5BA7C2AD4538B0024AF24 /* SensorTagView.swift */,
				DAD79AE82B49CC7C00E7D443 /* ARViewDemo.swift */,
				DA281F722AD30FA400F57272 /* Assets.xcassets */,
				DA281FA42AD3205D00F57272 /* Utilities */,
				DA281F742AD30FA400F57272 /* Preview Content */,
			);
			path = "Preview and Test";
			sourceTree = "<group>";
		};
		DA281F742AD30FA400F57272 /* Preview Content */ = {
			isa = PBXGroup;
			children = (
				DA5B144E2B20C1AA00594E83 /* CoreData.sqlite-shm */,
				DA5B144D2B20C1AA00594E83 /* CoreData.sqlite-wal */,
				DA281F752AD30FA400F57272 /* Preview Assets.xcassets */,
				DA281FA02AD31CF000F57272 /* tasks.json */,
			);
			path = "Preview Content";
			sourceTree = "<group>";
		};
		DA281F832AD30FA400F57272 /* Preview and TestTests */ = {
			isa = PBXGroup;
			children = (
				DA34CF442AD5A2A3004E6F79 /* CLoudCoordinatorTests.swift */,
			);
			path = "Preview and TestTests";
			sourceTree = "<group>";
		};
		DA281F8D2AD30FA400F57272 /* Preview and TestUITests */ = {
			isa = PBXGroup;
			children = (
				DA281F8E2AD30FA400F57272 /* Preview_and_TestUITests.swift */,
				DA34CF462AD5A803004E6F79 /* MainFunctionTest.swift */,
				DA281F902AD30FA400F57272 /* Preview_and_TestUITestsLaunchTests.swift */,
			);
			path = "Preview and TestUITests";
			sourceTree = "<group>";
		};
		DA281F9D2AD318C400F57272 /* Model */ = {
			isa = PBXGroup;
			children = (
				DA281F792AD30FA400F57272 /* CoreData.xcdatamodeld */,
				DA281F772AD30FA400F57272 /* Persistence.swift */,
				DA281F9E2AD318CF00F57272 /* TaskItem.swift */,
				DA281FA22AD31D8400F57272 /* TaskItemDTO.swift */,
				DA34CF352AD56F85004E6F79 /* UserProfile.swift */,
				DA34CF372AD56F8B004E6F79 /* ServerInfo.swift */,
			);
			path = Model;
			sourceTree = "<group>";
		};
		DA281FA42AD3205D00F57272 /* Utilities */ = {
			isa = PBXGroup;
			children = (
				DA5B144F2B20C1AA00594E83 /* CoreData.sqlite */,
				DA281FA52AD3207F00F57272 /* Codable utilities.swift */,
				DA281FA72AD3277300F57272 /* Optional.swift */,
				DA281FB32AD3EC7400F57272 /* CoreBluetooth.swift */,
				DAA5BA782AD435520024AF24 /* Data extensions.swift */,
				DA34CF332AD56F46004E6F79 /* Network.swift */,
				DA34CF422AD586FA004E6F79 /* KeyChain PropertyWrapper.swift */,
			);
			path = Utilities;
			sourceTree = "<group>";
		};
		DA281FAD2AD3C85100F57272 /* SensorDevice */ = {
			isa = PBXGroup;
			children = (
				DAD79AE72B49A4B200E7D443 /* Protocol and definitions */,
				DA281FAF2AD3C92500F57272 /* DeviceController.swift */,
				DA281FB52AD3F29A00F57272 /* CC2650SensorTag.swift */,
				DAA5BA7A2AD450980024AF24 /* SensorTagPreview.swift */,
			);
			path = SensorDevice;
			sourceTree = "<group>";
		};
		DA281FAE2AD3C87C00F57272 /* Web API */ = {
			isa = PBXGroup;
			children = (
				DA34CF3F2AD5799E004E6F79 /* CloudCoordinator.swift */,
				DA34CF312AD56867004E6F79 /* APIProtocol.swift */,
				DA34CF392AD57740004E6F79 /* Client.swift */,
				DA34CF3B2AD57748004E6F79 /* ClientPreview.swift */,
				DA34CF3D2AD57874004E6F79 /* ClientFailing.swift */,
			);
			path = "Web API";
			sourceTree = "<group>";
		};
		DAD79AE72B49A4B200E7D443 /* Protocol and definitions */ = {
			isa = PBXGroup;
			children = (
				DA281FB12AD3C9EF00F57272 /* SensorDeviceProtocol.swift */,
				DAD79AE52B49A41A00E7D443 /* DeviceButtons.swift */,
				DAD79AE32B49A3E700E7D443 /* BatteryStatus.swift */,
				DAD79AE12B49A3BF00E7D443 /* GestureSensor.swift */,
				DAD79ADF2B49A38F00E7D443 /* SensorOptions.swift */,
			);
			path = "Protocol and definitions";
			sourceTree = "<group>";
		};
/* End PBXGroup section */

/* Begin PBXNativeTarget section */
		DA281F6A2AD30FA200F57272 /* Preview and Test */ = {
			isa = PBXNativeTarget;
			buildConfigurationList = DA281F942AD30FA400F57272 /* Build configuration list for PBXNativeTarget "Preview and Test" */;
			buildPhases = (
				DA281F672AD30FA200F57272 /* Sources */,
				DA281F682AD30FA200F57272 /* Frameworks */,
				DA281F692AD30FA200F57272 /* Resources */,
			);
			buildRules = (
			);
			dependencies = (
			);
			name = "Preview and Test";
			productName = "Preview and Test";
			productReference = DA281F6B2AD30FA200F57272 /* Preview and Test.app */;
			productType = "com.apple.product-type.application";
		};
		DA281F7F2AD30FA400F57272 /* Preview and TestTests */ = {
			isa = PBXNativeTarget;
			buildConfigurationList = DA281F972AD30FA400F57272 /* Build configuration list for PBXNativeTarget "Preview and TestTests" */;
			buildPhases = (
				DA281F7C2AD30FA400F57272 /* Sources */,
				DA281F7D2AD30FA400F57272 /* Frameworks */,
				DA281F7E2AD30FA400F57272 /* Resources */,
			);
			buildRules = (
			);
			dependencies = (
				DA281F822AD30FA400F57272 /* PBXTargetDependency */,
			);
			name = "Preview and TestTests";
			productName = "Preview and TestTests";
			productReference = DA281F802AD30FA400F57272 /* Preview and TestTests.xctest */;
			productType = "com.apple.product-type.bundle.unit-test";
		};
		DA281F892AD30FA400F57272 /* Preview and TestUITests */ = {
			isa = PBXNativeTarget;
			buildConfigurationList = DA281F9A2AD30FA400F57272 /* Build configuration list for PBXNativeTarget "Preview and TestUITests" */;
			buildPhases = (
				DA281F862AD30FA400F57272 /* Sources */,
				DA281F872AD30FA400F57272 /* Frameworks */,
				DA281F882AD30FA400F57272 /* Resources */,
			);
			buildRules = (
			);
			dependencies = (
				DA281F8C2AD30FA400F57272 /* PBXTargetDependency */,
			);
			name = "Preview and TestUITests";
			productName = "Preview and TestUITests";
			productReference = DA281F8A2AD30FA400F57272 /* Preview and TestUITests.xctest */;
			productType = "com.apple.product-type.bundle.ui-testing";
		};
/* End PBXNativeTarget section */

/* Begin PBXProject section */
		DA281F632AD30FA200F57272 /* Project object */ = {
			isa = PBXProject;
			attributes = {
				BuildIndependentTargetsInParallel = 1;
				LastSwiftUpdateCheck = 1500;
				LastUpgradeCheck = 1500;
				TargetAttributes = {
					DA281F6A2AD30FA200F57272 = {
						CreatedOnToolsVersion = 15.0;
					};
					DA281F7F2AD30FA400F57272 = {
						CreatedOnToolsVersion = 15.0;
						TestTargetID = DA281F6A2AD30FA200F57272;
					};
					DA281F892AD30FA400F57272 = {
						CreatedOnToolsVersion = 15.0;
						TestTargetID = DA281F6A2AD30FA200F57272;
					};
				};
			};
			buildConfigurationList = DA281F662AD30FA200F57272 /* Build configuration list for PBXProject "Preview and Test" */;
			compatibilityVersion = "Xcode 14.0";
			developmentRegion = en;
			hasScannedForEncodings = 0;
			knownRegions = (
				en,
				Base,
			);
			mainGroup = DA281F622AD30FA200F57272;
			productRefGroup = DA281F6C2AD30FA200F57272 /* Products */;
			projectDirPath = "";
			projectRoot = "";
			targets = (
				DA281F6A2AD30FA200F57272 /* Preview and Test */,
				DA281F7F2AD30FA400F57272 /* Preview and TestTests */,
				DA281F892AD30FA400F57272 /* Preview and TestUITests */,
			);
		};
/* End PBXProject section */

/* Begin PBXResourcesBuildPhase section */
		DA281F692AD30FA200F57272 /* Resources */ = {
			isa = PBXResourcesBuildPhase;
			buildActionMask = 2147483647;
			files = (
				DA281F762AD30FA400F57272 /* Preview Assets.xcassets in Resources */,
				DA281F732AD30FA400F57272 /* Assets.xcassets in Resources */,
				DA281FA12AD31CF000F57272 /* tasks.json in Resources */,
			);
			runOnlyForDeploymentPostprocessing = 0;
		};
		DA281F7E2AD30FA400F57272 /* Resources */ = {
			isa = PBXResourcesBuildPhase;
			buildActionMask = 2147483647;
			files = (
			);
			runOnlyForDeploymentPostprocessing = 0;
		};
		DA281F882AD30FA400F57272 /* Resources */ = {
			isa = PBXResourcesBuildPhase;
			buildActionMask = 2147483647;
			files = (
			);
			runOnlyForDeploymentPostprocessing = 0;
		};
/* End PBXResourcesBuildPhase section */

/* Begin PBXSourcesBuildPhase section */
		DA281F672AD30FA200F57272 /* Sources */ = {
			isa = PBXSourcesBuildPhase;
			buildActionMask = 2147483647;
			files = (
				DA281FAC2AD32DEF00F57272 /* TaskItemView.swift in Sources */,
				DA281FA32AD31D8400F57272 /* TaskItemDTO.swift in Sources */,
				DAD79AE02B49A38F00E7D443 /* SensorOptions.swift in Sources */,
				DA281F7B2AD30FA400F57272 /* CoreData.xcdatamodeld in Sources */,
				DA281FB02AD3C92500F57272 /* DeviceController.swift in Sources */,
				DA34CF3A2AD57740004E6F79 /* Client.swift in Sources */,
				DA34CF322AD56867004E6F79 /* APIProtocol.swift in Sources */,
				DAD79AE22B49A3BF00E7D443 /* GestureSensor.swift in Sources */,
				DAD79AE42B49A3E700E7D443 /* BatteryStatus.swift in Sources */,
				DA281FB42AD3EC7400F57272 /* CoreBluetooth.swift in Sources */,
				DA34CF3E2AD57874004E6F79 /* ClientFailing.swift in Sources */,
				DA34CF402AD5799E004E6F79 /* CloudCoordinator.swift in Sources */,
				DA34CF3C2AD57748004E6F79 /* ClientPreview.swift in Sources */,
				DA281FA62AD3207F00F57272 /* Codable utilities.swift in Sources */,
				DA281F782AD30FA400F57272 /* Persistence.swift in Sources */,
				DAD79AE62B49A41A00E7D443 /* DeviceButtons.swift in Sources */,
				DA281F9F2AD318CF00F57272 /* TaskItem.swift in Sources */,
				DA281F712AD30FA200F57272 /* ContentView.swift in Sources */,
				DAA5BA7B2AD450980024AF24 /* SensorTagPreview.swift in Sources */,
				DA281FB62AD3F29A00F57272 /* CC2650SensorTag.swift in Sources */,
				DA34CF362AD56F85004E6F79 /* UserProfile.swift in Sources */,
				DAD79AE92B49CC7C00E7D443 /* ARViewDemo.swift in Sources */,
				DA34CF432AD586FA004E6F79 /* KeyChain PropertyWrapper.swift in Sources */,
				DA34CF342AD56F46004E6F79 /* Network.swift in Sources */,
				DA34CF382AD56F8B004E6F79 /* ServerInfo.swift in Sources */,
				DA281F6F2AD30FA200F57272 /* PreviewAndTest.swift in Sources */,
				DA281FA82AD3277300F57272 /* Optional.swift in Sources */,
				DA281FB22AD3C9EF00F57272 /* SensorDeviceProtocol.swift in Sources */,
				DAA5BA792AD435520024AF24 /* Data extensions.swift in Sources */,
				DA281FAA2AD32DE300F57272 /* TaskItemCell.swift in Sources */,
				DAA5BA7D2AD4538B0024AF24 /* SensorTagView.swift in Sources */,
			);
			runOnlyForDeploymentPostprocessing = 0;
		};
		DA281F7C2AD30FA400F57272 /* Sources */ = {
			isa = PBXSourcesBuildPhase;
			buildActionMask = 2147483647;
			files = (
				DA34CF452AD5A2A3004E6F79 /* CLoudCoordinatorTests.swift in Sources */,
			);
			runOnlyForDeploymentPostprocessing = 0;
		};
		DA281F862AD30FA400F57272 /* Sources */ = {
			isa = PBXSourcesBuildPhase;
			buildActionMask = 2147483647;
			files = (
				DA281F8F2AD30FA400F57272 /* Preview_and_TestUITests.swift in Sources */,
				DA34CF472AD5A803004E6F79 /* MainFunctionTest.swift in Sources */,
				DA281F912AD30FA400F57272 /* Preview_and_TestUITestsLaunchTests.swift in Sources */,
			);
			runOnlyForDeploymentPostprocessing = 0;
		};
/* End PBXSourcesBuildPhase section */

/* Begin PBXTargetDependency section */
		DA281F822AD30FA400F57272 /* PBXTargetDependency */ = {
			isa = PBXTargetDependency;
			target = DA281F6A2AD30FA200F57272 /* Preview and Test */;
			targetProxy = DA281F812AD30FA400F57272 /* PBXContainerItemProxy */;
		};
		DA281F8C2AD30FA400F57272 /* PBXTargetDependency */ = {
			isa = PBXTargetDependency;
			target = DA281F6A2AD30FA200F57272 /* Preview and Test */;
			targetProxy = DA281F8B2AD30FA400F57272 /* PBXContainerItemProxy */;
		};
/* End PBXTargetDependency section */

/* Begin XCBuildConfiguration section */
		DA281F922AD30FA400F57272 /* Debug */ = {
			isa = XCBuildConfiguration;
			buildSettings = {
				ALWAYS_SEARCH_USER_PATHS = NO;
				ASSETCATALOG_COMPILER_GENERATE_SWIFT_ASSET_SYMBOL_EXTENSIONS = YES;
				CLANG_ANALYZER_NONNULL = YES;
				CLANG_ANALYZER_NUMBER_OBJECT_CONVERSION = YES_AGGRESSIVE;
				CLANG_CXX_LANGUAGE_STANDARD = "gnu++20";
				CLANG_ENABLE_MODULES = YES;
				CLANG_ENABLE_OBJC_ARC = YES;
				CLANG_ENABLE_OBJC_WEAK = YES;
				CLANG_WARN_BLOCK_CAPTURE_AUTORELEASING = YES;
				CLANG_WARN_BOOL_CONVERSION = YES;
				CLANG_WARN_COMMA = YES;
				CLANG_WARN_CONSTANT_CONVERSION = YES;
				CLANG_WARN_DEPRECATED_OBJC_IMPLEMENTATIONS = YES;
				CLANG_WARN_DIRECT_OBJC_ISA_USAGE = YES_ERROR;
				CLANG_WARN_DOCUMENTATION_COMMENTS = YES;
				CLANG_WARN_EMPTY_BODY = YES;
				CLANG_WARN_ENUM_CONVERSION = YES;
				CLANG_WARN_INFINITE_RECURSION = YES;
				CLANG_WARN_INT_CONVERSION = YES;
				CLANG_WARN_NON_LITERAL_NULL_CONVERSION = YES;
				CLANG_WARN_OBJC_IMPLICIT_RETAIN_SELF = YES;
				CLANG_WARN_OBJC_LITERAL_CONVERSION = YES;
				CLANG_WARN_OBJC_ROOT_CLASS = YES_ERROR;
				CLANG_WARN_QUOTED_INCLUDE_IN_FRAMEWORK_HEADER = YES;
				CLANG_WARN_RANGE_LOOP_ANALYSIS = YES;
				CLANG_WARN_STRICT_PROTOTYPES = YES;
				CLANG_WARN_SUSPICIOUS_MOVE = YES;
				CLANG_WARN_UNGUARDED_AVAILABILITY = YES_AGGRESSIVE;
				CLANG_WARN_UNREACHABLE_CODE = YES;
				CLANG_WARN__DUPLICATE_METHOD_MATCH = YES;
				COPY_PHASE_STRIP = NO;
				DEBUG_INFORMATION_FORMAT = dwarf;
				ENABLE_STRICT_OBJC_MSGSEND = YES;
				ENABLE_TESTABILITY = YES;
				ENABLE_USER_SCRIPT_SANDBOXING = YES;
				GCC_C_LANGUAGE_STANDARD = gnu17;
				GCC_DYNAMIC_NO_PIC = NO;
				GCC_NO_COMMON_BLOCKS = YES;
				GCC_OPTIMIZATION_LEVEL = 0;
				GCC_PREPROCESSOR_DEFINITIONS = (
					"DEBUG=1",
					"$(inherited)",
				);
				GCC_WARN_64_TO_32_BIT_CONVERSION = YES;
				GCC_WARN_ABOUT_RETURN_TYPE = YES_ERROR;
				GCC_WARN_UNDECLARED_SELECTOR = YES;
				GCC_WARN_UNINITIALIZED_AUTOS = YES_AGGRESSIVE;
				GCC_WARN_UNUSED_FUNCTION = YES;
				GCC_WARN_UNUSED_VARIABLE = YES;
				IPHONEOS_DEPLOYMENT_TARGET = 17.0;
				LOCALIZATION_PREFERS_STRING_CATALOGS = YES;
				MTL_ENABLE_DEBUG_INFO = INCLUDE_SOURCE;
				MTL_FAST_MATH = YES;
				ONLY_ACTIVE_ARCH = YES;
				SDKROOT = iphoneos;
				SWIFT_ACTIVE_COMPILATION_CONDITIONS = "DEBUG $(inherited)";
				SWIFT_OPTIMIZATION_LEVEL = "-Onone";
			};
			name = Debug;
		};
		DA281F932AD30FA400F57272 /* Release */ = {
			isa = XCBuildConfiguration;
			buildSettings = {
				ALWAYS_SEARCH_USER_PATHS = NO;
				ASSETCATALOG_COMPILER_GENERATE_SWIFT_ASSET_SYMBOL_EXTENSIONS = YES;
				CLANG_ANALYZER_NONNULL = YES;
				CLANG_ANALYZER_NUMBER_OBJECT_CONVERSION = YES_AGGRESSIVE;
				CLANG_CXX_LANGUAGE_STANDARD = "gnu++20";
				CLANG_ENABLE_MODULES = YES;
				CLANG_ENABLE_OBJC_ARC = YES;
				CLANG_ENABLE_OBJC_WEAK = YES;
				CLANG_WARN_BLOCK_CAPTURE_AUTORELEASING = YES;
				CLANG_WARN_BOOL_CONVERSION = YES;
				CLANG_WARN_COMMA = YES;
				CLANG_WARN_CONSTANT_CONVERSION = YES;
				CLANG_WARN_DEPRECATED_OBJC_IMPLEMENTATIONS = YES;
				CLANG_WARN_DIRECT_OBJC_ISA_USAGE = YES_ERROR;
				CLANG_WARN_DOCUMENTATION_COMMENTS = YES;
				CLANG_WARN_EMPTY_BODY = YES;
				CLANG_WARN_ENUM_CONVERSION = YES;
				CLANG_WARN_INFINITE_RECURSION = YES;
				CLANG_WARN_INT_CONVERSION = YES;
				CLANG_WARN_NON_LITERAL_NULL_CONVERSION = YES;
				CLANG_WARN_OBJC_IMPLICIT_RETAIN_SELF = YES;
				CLANG_WARN_OBJC_LITERAL_CONVERSION = YES;
				CLANG_WARN_OBJC_ROOT_CLASS = YES_ERROR;
				CLANG_WARN_QUOTED_INCLUDE_IN_FRAMEWORK_HEADER = YES;
				CLANG_WARN_RANGE_LOOP_ANALYSIS = YES;
				CLANG_WARN_STRICT_PROTOTYPES = YES;
				CLANG_WARN_SUSPICIOUS_MOVE = YES;
				CLANG_WARN_UNGUARDED_AVAILABILITY = YES_AGGRESSIVE;
				CLANG_WARN_UNREACHABLE_CODE = YES;
				CLANG_WARN__DUPLICATE_METHOD_MATCH = YES;
				COPY_PHASE_STRIP = NO;
				DEBUG_INFORMATION_FORMAT = "dwarf-with-dsym";
				ENABLE_NS_ASSERTIONS = NO;
				ENABLE_STRICT_OBJC_MSGSEND = YES;
				ENABLE_USER_SCRIPT_SANDBOXING = YES;
				GCC_C_LANGUAGE_STANDARD = gnu17;
				GCC_NO_COMMON_BLOCKS = YES;
				GCC_WARN_64_TO_32_BIT_CONVERSION = YES;
				GCC_WARN_ABOUT_RETURN_TYPE = YES_ERROR;
				GCC_WARN_UNDECLARED_SELECTOR = YES;
				GCC_WARN_UNINITIALIZED_AUTOS = YES_AGGRESSIVE;
				GCC_WARN_UNUSED_FUNCTION = YES;
				GCC_WARN_UNUSED_VARIABLE = YES;
				IPHONEOS_DEPLOYMENT_TARGET = 17.0;
				LOCALIZATION_PREFERS_STRING_CATALOGS = YES;
				MTL_ENABLE_DEBUG_INFO = NO;
				MTL_FAST_MATH = YES;
				SDKROOT = iphoneos;
				SWIFT_COMPILATION_MODE = wholemodule;
				VALIDATE_PRODUCT = YES;
			};
			name = Release;
		};
		DA281F952AD30FA400F57272 /* Debug */ = {
			isa = XCBuildConfiguration;
			buildSettings = {
				ASSETCATALOG_COMPILER_APPICON_NAME = AppIcon;
				ASSETCATALOG_COMPILER_GLOBAL_ACCENT_COLOR_NAME = AccentColor;
				CODE_SIGN_ENTITLEMENTS = "Preview and Test/Preview and Test.entitlements";
				CODE_SIGN_STYLE = Automatic;
				CURRENT_PROJECT_VERSION = 1;
				DEVELOPMENT_ASSET_PATHS = "\"Preview and Test/Preview Content\"";
				DEVELOPMENT_TEAM = WFC2CXXQSY;
				ENABLE_PREVIEWS = YES;
				GENERATE_INFOPLIST_FILE = YES;
				INFOPLIST_FILE = "Preview-and-Test-Info.plist";
				INFOPLIST_KEY_CFBundleDisplayName = Preview;
				INFOPLIST_KEY_NSBluetoothAlwaysUsageDescription = "In order to reconnect to your device when the app ins in the background";
				INFOPLIST_KEY_NSBluetoothPeripheralUsageDescription = "in order to conect to the sensor tag";
				INFOPLIST_KEY_NSCameraUsageDescription = "Just for the Argumented Reality fun";
				INFOPLIST_KEY_UIApplicationSceneManifest_Generation = YES;
				INFOPLIST_KEY_UIApplicationSupportsIndirectInputEvents = YES;
				INFOPLIST_KEY_UILaunchScreen_Generation = YES;
				INFOPLIST_KEY_UISupportedInterfaceOrientations_iPad = "UIInterfaceOrientationPortrait UIInterfaceOrientationPortraitUpsideDown UIInterfaceOrientationLandscapeLeft UIInterfaceOrientationLandscapeRight";
				INFOPLIST_KEY_UISupportedInterfaceOrientations_iPhone = "UIInterfaceOrientationPortrait UIInterfaceOrientationLandscapeLeft UIInterfaceOrientationLandscapeRight";
				LD_RUNPATH_SEARCH_PATHS = (
					"$(inherited)",
					"@executable_path/Frameworks",
				);
				MARKETING_VERSION = 1.0;
				PRODUCT_BUNDLE_IDENTIFIER = com.friismobility.preview;
				PRODUCT_NAME = "$(TARGET_NAME)";
				SWIFT_EMIT_LOC_STRINGS = YES;
				SWIFT_VERSION = 5.0;
				TARGETED_DEVICE_FAMILY = "1,2";
			};
			name = Debug;
		};
		DA281F962AD30FA400F57272 /* Release */ = {
			isa = XCBuildConfiguration;
			buildSettings = {
				ASSETCATALOG_COMPILER_APPICON_NAME = AppIcon;
				ASSETCATALOG_COMPILER_GLOBAL_ACCENT_COLOR_NAME = AccentColor;
				CODE_SIGN_ENTITLEMENTS = "Preview and Test/Preview and Test.entitlements";
				CODE_SIGN_STYLE = Automatic;
				CURRENT_PROJECT_VERSION = 1;
				DEVELOPMENT_ASSET_PATHS = "\"Preview and Test/Preview Content\"";
				DEVELOPMENT_TEAM = WFC2CXXQSY;
				ENABLE_PREVIEWS = YES;
				GENERATE_INFOPLIST_FILE = YES;
				INFOPLIST_FILE = "Preview-and-Test-Info.plist";
				INFOPLIST_KEY_CFBundleDisplayName = Preview;
				INFOPLIST_KEY_NSBluetoothAlwaysUsageDescription = "In order to reconnect to your device when the app ins in the background";
				INFOPLIST_KEY_NSBluetoothPeripheralUsageDescription = "in order to conect to the sensor tag";
				INFOPLIST_KEY_NSCameraUsageDescription = "Just for the Argumented Reality fun";
				INFOPLIST_KEY_UIApplicationSceneManifest_Generation = YES;
				INFOPLIST_KEY_UIApplicationSupportsIndirectInputEvents = YES;
				INFOPLIST_KEY_UILaunchScreen_Generation = YES;
				INFOPLIST_KEY_UISupportedInterfaceOrientations_iPad = "UIInterfaceOrientationPortrait UIInterfaceOrientationPortraitUpsideDown UIInterfaceOrientationLandscapeLeft UIInterfaceOrientationLandscapeRight";
				INFOPLIST_KEY_UISupportedInterfaceOrientations_iPhone = "UIInterfaceOrientationPortrait UIInterfaceOrientationLandscapeLeft UIInterfaceOrientationLandscapeRight";
				LD_RUNPATH_SEARCH_PATHS = (
					"$(inherited)",
					"@executable_path/Frameworks",
				);
				MARKETING_VERSION = 1.0;
				PRODUCT_BUNDLE_IDENTIFIER = com.friismobility.preview;
				PRODUCT_NAME = "$(TARGET_NAME)";
				SWIFT_EMIT_LOC_STRINGS = YES;
				SWIFT_VERSION = 5.0;
				TARGETED_DEVICE_FAMILY = "1,2";
			};
			name = Release;
		};
		DA281F982AD30FA400F57272 /* Debug */ = {
			isa = XCBuildConfiguration;
			buildSettings = {
				ALWAYS_EMBED_SWIFT_STANDARD_LIBRARIES = YES;
				BUNDLE_LOADER = "$(TEST_HOST)";
				CODE_SIGN_STYLE = Automatic;
				CURRENT_PROJECT_VERSION = 1;
				DEVELOPMENT_TEAM = WFC2CXXQSY;
				GENERATE_INFOPLIST_FILE = YES;
				IPHONEOS_DEPLOYMENT_TARGET = 17.0;
				MARKETING_VERSION = 1.0;
				PRODUCT_BUNDLE_IDENTIFIER = "com.zafari-app.Preview-and-TestTests";
				PRODUCT_NAME = "$(TARGET_NAME)";
				SWIFT_EMIT_LOC_STRINGS = NO;
				SWIFT_VERSION = 5.0;
				TARGETED_DEVICE_FAMILY = "1,2";
				TEST_HOST = "$(BUILT_PRODUCTS_DIR)/Preview and Test.app/$(BUNDLE_EXECUTABLE_FOLDER_PATH)/Preview and Test";
			};
			name = Debug;
		};
		DA281F992AD30FA400F57272 /* Release */ = {
			isa = XCBuildConfiguration;
			buildSettings = {
				ALWAYS_EMBED_SWIFT_STANDARD_LIBRARIES = YES;
				BUNDLE_LOADER = "$(TEST_HOST)";
				CODE_SIGN_STYLE = Automatic;
				CURRENT_PROJECT_VERSION = 1;
				DEVELOPMENT_TEAM = WFC2CXXQSY;
				GENERATE_INFOPLIST_FILE = YES;
				IPHONEOS_DEPLOYMENT_TARGET = 17.0;
				MARKETING_VERSION = 1.0;
				PRODUCT_BUNDLE_IDENTIFIER = "com.zafari-app.Preview-and-TestTests";
				PRODUCT_NAME = "$(TARGET_NAME)";
				SWIFT_EMIT_LOC_STRINGS = NO;
				SWIFT_VERSION = 5.0;
				TARGETED_DEVICE_FAMILY = "1,2";
				TEST_HOST = "$(BUILT_PRODUCTS_DIR)/Preview and Test.app/$(BUNDLE_EXECUTABLE_FOLDER_PATH)/Preview and Test";
			};
			name = Release;
		};
		DA281F9B2AD30FA400F57272 /* Debug */ = {
			isa = XCBuildConfiguration;
			buildSettings = {
				ALWAYS_EMBED_SWIFT_STANDARD_LIBRARIES = YES;
				CODE_SIGN_STYLE = Automatic;
				CURRENT_PROJECT_VERSION = 1;
				DEVELOPMENT_TEAM = WFC2CXXQSY;
				GENERATE_INFOPLIST_FILE = YES;
				MARKETING_VERSION = 1.0;
				PRODUCT_BUNDLE_IDENTIFIER = "com.zafari-app.Preview-and-TestUITests";
				PRODUCT_NAME = "$(TARGET_NAME)";
				SWIFT_EMIT_LOC_STRINGS = NO;
				SWIFT_VERSION = 5.0;
				TARGETED_DEVICE_FAMILY = "1,2";
				TEST_TARGET_NAME = "Preview and Test";
			};
			name = Debug;
		};
		DA281F9C2AD30FA400F57272 /* Release */ = {
			isa = XCBuildConfiguration;
			buildSettings = {
				ALWAYS_EMBED_SWIFT_STANDARD_LIBRARIES = YES;
				CODE_SIGN_STYLE = Automatic;
				CURRENT_PROJECT_VERSION = 1;
				DEVELOPMENT_TEAM = WFC2CXXQSY;
				GENERATE_INFOPLIST_FILE = YES;
				MARKETING_VERSION = 1.0;
				PRODUCT_BUNDLE_IDENTIFIER = "com.zafari-app.Preview-and-TestUITests";
				PRODUCT_NAME = "$(TARGET_NAME)";
				SWIFT_EMIT_LOC_STRINGS = NO;
				SWIFT_VERSION = 5.0;
				TARGETED_DEVICE_FAMILY = "1,2";
				TEST_TARGET_NAME = "Preview and Test";
			};
			name = Release;
		};
/* End XCBuildConfiguration section */

/* Begin XCConfigurationList section */
		DA281F662AD30FA200F57272 /* Build configuration list for PBXProject "Preview and Test" */ = {
			isa = XCConfigurationList;
			buildConfigurations = (
				DA281F922AD30FA400F57272 /* Debug */,
				DA281F932AD30FA400F57272 /* Release */,
			);
			defaultConfigurationIsVisible = 0;
			defaultConfigurationName = Release;
		};
		DA281F942AD30FA400F57272 /* Build configuration list for PBXNativeTarget "Preview and Test" */ = {
			isa = XCConfigurationList;
			buildConfigurations = (
				DA281F952AD30FA400F57272 /* Debug */,
				DA281F962AD30FA400F57272 /* Release */,
			);
			defaultConfigurationIsVisible = 0;
			defaultConfigurationName = Release;
		};
		DA281F972AD30FA400F57272 /* Build configuration list for PBXNativeTarget "Preview and TestTests" */ = {
			isa = XCConfigurationList;
			buildConfigurations = (
				DA281F982AD30FA400F57272 /* Debug */,
				DA281F992AD30FA400F57272 /* Release */,
			);
			defaultConfigurationIsVisible = 0;
			defaultConfigurationName = Release;
		};
		DA281F9A2AD30FA400F57272 /* Build configuration list for PBXNativeTarget "Preview and TestUITests" */ = {
			isa = XCConfigurationList;
			buildConfigurations = (
				DA281F9B2AD30FA400F57272 /* Debug */,
				DA281F9C2AD30FA400F57272 /* Release */,
			);
			defaultConfigurationIsVisible = 0;
			defaultConfigurationName = Release;
		};
/* End XCConfigurationList section */

/* Begin XCVersionGroup section */
		DA281F792AD30FA400F57272 /* CoreData.xcdatamodeld */ = {
			isa = XCVersionGroup;
			children = (
				DA281F7A2AD30FA400F57272 /* Preview_and_Test.xcdatamodel */,
			);
			currentVersion = DA281F7A2AD30FA400F57272 /* Preview_and_Test.xcdatamodel */;
			path = CoreData.xcdatamodeld;
			sourceTree = "<group>";
			versionGroupType = wrapper.xcdatamodel;
		};
/* End XCVersionGroup section */
	};
	rootObject = DA281F632AD30FA200F57272 /* Project object */;
}
